
Microsoft Visual Studio Solution File, Format Version 12.00
# Visual Studio Version 16
VisualStudioVersion = 16.0.29509.3
MinimumVisualStudioVersion = 10.0.40219.1
Project("{9A19103F-16F7-4668-BE54-9A1E7A4F7556}") = "Weather.ConsoleApp", "Weather.Console\Weather.ConsoleApp.csproj", "{99B75913-ACF3-41C3-8146-8F4FBE5AE9C6}"
EndProject
Global
	GlobalSection(SolutionConfigurationPlatforms) = preSolution
		Debug|Any CPU = Debug|Any CPU
		Release|Any CPU = Release|Any CPU
	EndGlobalSection
	GlobalSection(ProjectConfigurationPlatforms) = postSolution
		{99B75913-ACF3-41C3-8146-8F4FBE5AE9C6}.Debug|Any CPU.ActiveCfg = Debug|Any CPU
		{99B75913-ACF3-41C3-8146-8F4FBE5AE9C6}.Debug|Any CPU.Build.0 = Debug|Any CPU
		{99B75913-ACF3-41C3-8146-8F4FBE5AE9C6}.Release|Any CPU.ActiveCfg = Release|Any CPU
		{99B75913-ACF3-41C3-8146-8F4FBE5AE9C6}.Release|Any CPU.Build.0 = Release|Any CPU
	EndGlobalSection
	GlobalSection(SolutionProperties) = preSolution
		HideSolutionNode = FALSE
	EndGlobalSection
	GlobalSection(ExtensibilityGlobals) = postSolution
		SolutionGuid = {ED570060-3774-48B1-A7B9-8B58526219E4}
	EndGlobalSection
EndGlobal
